
Microsoft Visual Studio Solution File, Format Version 12.00
Project("{FAE04EC0-301F-11D3-BF4B-00C04F79EFBC}") = "CsvMerge", "CsvMerge\CsvMerge.csproj", "{F056467F-1DAF-4CCF-92C2-7A772C111B77}"
EndProject
Project("{FAE04EC0-301F-11D3-BF4B-00C04F79EFBC}") = "CsvMerge.Core", "CsvMerge.Core\CsvMerge.Core.csproj", "{74CB9255-A362-4358-B725-B7868AE99C1E}"
EndProject
Global
	GlobalSection(SolutionConfigurationPlatforms) = preSolution
		Debug|Any CPU = Debug|Any CPU
		Release|Any CPU = Release|Any CPU
	EndGlobalSection
	GlobalSection(ProjectConfigurationPlatforms) = postSolution
		{F056467F-1DAF-4CCF-92C2-7A772C111B77}.Debug|Any CPU.ActiveCfg = Debug|Any CPU
		{F056467F-1DAF-4CCF-92C2-7A772C111B77}.Debug|Any CPU.Build.0 = Debug|Any CPU
		{F056467F-1DAF-4CCF-92C2-7A772C111B77}.Release|Any CPU.ActiveCfg = Release|Any CPU
		{F056467F-1DAF-4CCF-92C2-7A772C111B77}.Release|Any CPU.Build.0 = Release|Any CPU
		{74CB9255-A362-4358-B725-B7868AE99C1E}.Debug|Any CPU.ActiveCfg = Debug|Any CPU
		{74CB9255-A362-4358-B725-B7868AE99C1E}.Debug|Any CPU.Build.0 = Debug|Any CPU
		{74CB9255-A362-4358-B725-B7868AE99C1E}.Release|Any CPU.ActiveCfg = Release|Any CPU
		{74CB9255-A362-4358-B725-B7868AE99C1E}.Release|Any CPU.Build.0 = Release|Any CPU
	EndGlobalSection
EndGlobal
